
Microsoft Visual Studio Solution File, Format Version 12.00
# Visual Studio 14
VisualStudioVersion = 14.0.23107.0
MinimumVisualStudioVersion = 10.0.40219.1
Project("{FAE04EC0-301F-11D3-BF4B-00C04F79EFBC}") = "NashGaming", "NashGaming\NashGaming.csproj", "{B70E78CB-59E1-40CD-B4E5-5DB3B23F05B7}"
EndProject
Project("{FAE04EC0-301F-11D3-BF4B-00C04F79EFBC}") = "NashGaming.Tests", "NashGaming.Tests\NashGaming.Tests.csproj", "{8E677088-5235-41B8-BB07-C9D3DCF64A71}"
EndProject
Global
	GlobalSection(SolutionConfigurationPlatforms) = preSolution
		Debug|Any CPU = Debug|Any CPU
		Release|Any CPU = Release|Any CPU
	EndGlobalSection
	GlobalSection(ProjectConfigurationPlatforms) = postSolution
		{B70E78CB-59E1-40CD-B4E5-5DB3B23F05B7}.Debug|Any CPU.ActiveCfg = Debug|Any CPU
		{B70E78CB-59E1-40CD-B4E5-5DB3B23F05B7}.Debug|Any CPU.Build.0 = Debug|Any CPU
		{B70E78CB-59E1-40CD-B4E5-5DB3B23F05B7}.Release|Any CPU.ActiveCfg = Release|Any CPU
		{B70E78CB-59E1-40CD-B4E5-5DB3B23F05B7}.Release|Any CPU.Build.0 = Release|Any CPU
		{8E677088-5235-41B8-BB07-C9D3DCF64A71}.Debug|Any CPU.ActiveCfg = Debug|Any CPU
		{8E677088-5235-41B8-BB07-C9D3DCF64A71}.Debug|Any CPU.Build.0 = Debug|Any CPU
		{8E677088-5235-41B8-BB07-C9D3DCF64A71}.Release|Any CPU.ActiveCfg = Release|Any CPU
		{8E677088-5235-41B8-BB07-C9D3DCF64A71}.Release|Any CPU.Build.0 = Release|Any CPU
	EndGlobalSection
	GlobalSection(SolutionProperties) = preSolution
		HideSolutionNode = FALSE
	EndGlobalSection
EndGlobal
